// !$*UTF8*$!
{
	archiveVersion = 1;
	classes = {
	};
	objectVersion = 50;
	objects = {

/* Begin PBXBuildFile section */
		D5E80D7F2647219B00750E94 /* AppDelegate.swift in Sources */ = {isa = PBXBuildFile; fileRef = D5E80D7E2647219B00750E94 /* AppDelegate.swift */; };
		D5E80D812647219B00750E94 /* SceneDelegate.swift in Sources */ = {isa = PBXBuildFile; fileRef = D5E80D802647219B00750E94 /* SceneDelegate.swift */; };
		D5E80D832647219B00750E94 /* ViewController.swift in Sources */ = {isa = PBXBuildFile; fileRef = D5E80D822647219B00750E94 /* ViewController.swift */; };
		D5E80D862647219B00750E94 /* Main.storyboard in Resources */ = {isa = PBXBuildFile; fileRef = D5E80D842647219B00750E94 /* Main.storyboard */; };
		D5E80D882647219E00750E94 /* Assets.xcassets in Resources */ = {isa = PBXBuildFile; fileRef = D5E80D872647219E00750E94 /* Assets.xcassets */; };
		D5E80D8B2647219E00750E94 /* LaunchScreen.storyboard in Resources */ = {isa = PBXBuildFile; fileRef = D5E80D892647219E00750E94 /* LaunchScreen.storyboard */; };
		D5E80D962647219E00750E94 /* PaymentNetworkListTests.swift in Sources */ = {isa = PBXBuildFile; fileRef = D5E80D952647219E00750E94 /* PaymentNetworkListTests.swift */; };
		D5E80DCA264722AB00750E94 /* InstallmentItem.swift in Sources */ = {isa = PBXBuildFile; fileRef = D5E80DB0264722AA00750E94 /* InstallmentItem.swift */; };
		D5E80DCB264722AB00750E94 /* Style.swift in Sources */ = {isa = PBXBuildFile; fileRef = D5E80DB1264722AA00750E94 /* Style.swift */; };
		D5E80DCC264722AB00750E94 /* PaymentMethod.swift in Sources */ = {isa = PBXBuildFile; fileRef = D5E80DB2264722AA00750E94 /* PaymentMethod.swift */; };
		D5E80DCD264722AB00750E94 /* AccountRegistration.swift in Sources */ = {isa = PBXBuildFile; fileRef = D5E80DB3264722AA00750E94 /* AccountRegistration.swift */; };
		D5E80DCE264722AB00750E94 /* InputElement.swift in Sources */ = {isa = PBXBuildFile; fileRef = D5E80DB4264722AA00750E94 /* InputElement.swift */; };
		D5E80DCF264722AB00750E94 /* Redirect.swift in Sources */ = {isa = PBXBuildFile; fileRef = D5E80DB5264722AA00750E94 /* Redirect.swift */; };
		D5E80DD0264722AB00750E94 /* ErrorInfo.swift in Sources */ = {isa = PBXBuildFile; fileRef = D5E80DB6264722AA00750E94 /* ErrorInfo.swift */; };
		D5E80DD1264722AB00750E94 /* Interaction.swift in Sources */ = {isa = PBXBuildFile; fileRef = D5E80DB7264722AA00750E94 /* Interaction.swift */; };
		D5E80DD2264722AB00750E94 /* ProviderParameters.swift in Sources */ = {isa = PBXBuildFile; fileRef = D5E80DB8264722AA00750E94 /* ProviderParameters.swift */; };
		D5E80DD3264722AB00750E94 /* AccountFormData.swift in Sources */ = {isa = PBXBuildFile; fileRef = D5E80DB9264722AA00750E94 /* AccountFormData.swift */; };
		D5E80DD4264722AB00750E94 /* Networks.swift in Sources */ = {isa = PBXBuildFile; fileRef = D5E80DBA264722AB00750E94 /* Networks.swift */; };
		D5E80DD5264722AB00750E94 /* ApplicableNetwork.swift in Sources */ = {isa = PBXBuildFile; fileRef = D5E80DBB264722AB00750E94 /* ApplicableNetwork.swift */; };
		D5E80DD6264722AB00750E94 /* FormData.swift in Sources */ = {isa = PBXBuildFile; fileRef = D5E80DBC264722AB00750E94 /* FormData.swift */; };
		D5E80DD7264722AB00750E94 /* ListResult.swift in Sources */ = {isa = PBXBuildFile; fileRef = D5E80DBD264722AB00750E94 /* ListResult.swift */; };
		D5E80DD8264722AB00750E94 /* ExtraElements.swift in Sources */ = {isa = PBXBuildFile; fileRef = D5E80DBE264722AB00750E94 /* ExtraElements.swift */; };
		D5E80DD9264722AB00750E94 /* Checkbox.swift in Sources */ = {isa = PBXBuildFile; fileRef = D5E80DBF264722AB00750E94 /* Checkbox.swift */; };
		D5E80DDA264722AB00750E94 /* Parameter.swift in Sources */ = {isa = PBXBuildFile; fileRef = D5E80DC0264722AB00750E94 /* Parameter.swift */; };
		D5E80DDB264722AB00750E94 /* CustomerFormData.swift in Sources */ = {isa = PBXBuildFile; fileRef = D5E80DC1264722AB00750E94 /* CustomerFormData.swift */; };
		D5E80DDC264722AB00750E94 /* PaymentAmount.swift in Sources */ = {isa = PBXBuildFile; fileRef = D5E80DC2264722AB00750E94 /* PaymentAmount.swift */; };
		D5E80DDD264722AB00750E94 /* SelectOption.swift in Sources */ = {isa = PBXBuildFile; fileRef = D5E80DC3264722AB00750E94 /* SelectOption.swift */; };
		D5E80DDE264722AB00750E94 /* PresetAccount.swift in Sources */ = {isa = PBXBuildFile; fileRef = D5E80DC4264722AB00750E94 /* PresetAccount.swift */; };
		D5E80DDF264722AB00750E94 /* AccountMask.swift in Sources */ = {isa = PBXBuildFile; fileRef = D5E80DC5264722AB00750E94 /* AccountMask.swift */; };
		D5E80DE0264722AB00750E94 /* InstallmentsPlan.swift in Sources */ = {isa = PBXBuildFile; fileRef = D5E80DC6264722AB00750E94 /* InstallmentsPlan.swift */; };
		D5E80DE1264722AB00750E94 /* ExtraElement.swift in Sources */ = {isa = PBXBuildFile; fileRef = D5E80DC7264722AB00750E94 /* ExtraElement.swift */; };
		D5E80DE2264722AB00750E94 /* Installments.swift in Sources */ = {isa = PBXBuildFile; fileRef = D5E80DC8264722AB00750E94 /* Installments.swift */; };
		D5E80DE3264722AB00750E94 /* OperationResult.swift in Sources */ = {isa = PBXBuildFile; fileRef = D5E80DC9264722AB00750E94 /* OperationResult.swift */; };
		D5E80DE62647293E00750E94 /* Theme.swift in Sources */ = {isa = PBXBuildFile; fileRef = D5E80DE52647293E00750E94 /* Theme.swift */; };
		D5E80DE926472FD800750E94 /* RequestProtocol.swift in Sources */ = {isa = PBXBuildFile; fileRef = D5E80DE826472FD800750E94 /* RequestProtocol.swift */; };
		D5E80DEB2647301000750E94 /* ServiceProtocol.swift in Sources */ = {isa = PBXBuildFile; fileRef = D5E80DEA2647301000750E94 /* ServiceProtocol.swift */; };
		D5E80DED264730A200750E94 /* ResponseProtocol.swift in Sources */ = {isa = PBXBuildFile; fileRef = D5E80DEC264730A200750E94 /* ResponseProtocol.swift */; };
		D5E80DEF264730DE00750E94 /* Response.swift in Sources */ = {isa = PBXBuildFile; fileRef = D5E80DEE264730DE00750E94 /* Response.swift */; };
		D5E80DF22647316800750E94 /* RequestBody.swift in Sources */ = {isa = PBXBuildFile; fileRef = D5E80DF12647316800750E94 /* RequestBody.swift */; };
		D5E80DF5264733EE00750E94 /* ServiceConfig.swift in Sources */ = {isa = PBXBuildFile; fileRef = D5E80DF4264733EE00750E94 /* ServiceConfig.swift */; };
		D5E80DF72647354700750E94 /* ListURL.swift in Sources */ = {isa = PBXBuildFile; fileRef = D5E80DF62647354700750E94 /* ListURL.swift */; };
		D5E80DF9264736C700750E94 /* Service.swift in Sources */ = {isa = PBXBuildFile; fileRef = D5E80DF8264736C700750E94 /* Service.swift */; };
		D5E80DFD26480CD000750E94 /* ListOperation.swift in Sources */ = {isa = PBXBuildFile; fileRef = D5E80DFC26480CD000750E94 /* ListOperation.swift */; };
		D5E80DFF26480DA000750E94 /* OperationProtocol.swift in Sources */ = {isa = PBXBuildFile; fileRef = D5E80DFE26480DA000750E94 /* OperationProtocol.swift */; };
		D5E80E0126480F2500750E94 /* Request.swift in Sources */ = {isa = PBXBuildFile; fileRef = D5E80E0026480F2500750E94 /* Request.swift */; };
		D5E80E03264811B100750E94 /* PaymentListViewModel.swift in Sources */ = {isa = PBXBuildFile; fileRef = D5E80E02264811B100750E94 /* PaymentListViewModel.swift */; };
		D5E80E05264819ED00750E94 /* PaymentNetwork.swift in Sources */ = {isa = PBXBuildFile; fileRef = D5E80E04264819ED00750E94 /* PaymentNetwork.swift */; };
		D5E80E082648264800750E94 /* AlertDisplayer.swift in Sources */ = {isa = PBXBuildFile; fileRef = D5E80E072648264800750E94 /* AlertDisplayer.swift */; };
		D5E80E0B264826C200750E94 /* UIView+Extension.swift in Sources */ = {isa = PBXBuildFile; fileRef = D5E80E0A264826C200750E94 /* UIView+Extension.swift */; };
		D5E80E0D2648271600750E94 /* UIImageView+Extensions.swift in Sources */ = {isa = PBXBuildFile; fileRef = D5E80E0C2648271600750E94 /* UIImageView+Extensions.swift */; };
		D5E80E11264832E800750E94 /* PaymentTableViewCell.swift in Sources */ = {isa = PBXBuildFile; fileRef = D5E80E0F264832E800750E94 /* PaymentTableViewCell.swift */; };
		D5E80E12264832E800750E94 /* PaymentTableViewCell.xib in Resources */ = {isa = PBXBuildFile; fileRef = D5E80E10264832E800750E94 /* PaymentTableViewCell.xib */; };
		D5E80E162649745F00750E94 /* ViewModelTests.swift in Sources */ = {isa = PBXBuildFile; fileRef = D5E80E152649745F00750E94 /* ViewModelTests.swift */; };
/* End PBXBuildFile section */

/* Begin PBXContainerItemProxy section */
		D5E80D922647219E00750E94 /* PBXContainerItemProxy */ = {
			isa = PBXContainerItemProxy;
			containerPortal = D5E80D732647219B00750E94 /* Project object */;
			proxyType = 1;
			remoteGlobalIDString = D5E80D7A2647219B00750E94;
			remoteInfo = PaymentNetworkList;
		};
/* End PBXContainerItemProxy section */

/* Begin PBXFileReference section */
		D5E80D7B2647219B00750E94 /* PaymentNetworkList.app */ = {isa = PBXFileReference; explicitFileType = wrapper.application; includeInIndex = 0; path = PaymentNetworkList.app; sourceTree = BUILT_PRODUCTS_DIR; };
		D5E80D7E2647219B00750E94 /* AppDelegate.swift */ = {isa = PBXFileReference; lastKnownFileType = sourcecode.swift; path = AppDelegate.swift; sourceTree = "<group>"; };
		D5E80D802647219B00750E94 /* SceneDelegate.swift */ = {isa = PBXFileReference; lastKnownFileType = sourcecode.swift; path = SceneDelegate.swift; sourceTree = "<group>"; };
		D5E80D822647219B00750E94 /* ViewController.swift */ = {isa = PBXFileReference; lastKnownFileType = sourcecode.swift; path = ViewController.swift; sourceTree = "<group>"; };
		D5E80D852647219B00750E94 /* Base */ = {isa = PBXFileReference; lastKnownFileType = file.storyboard; name = Base; path = Base.lproj/Main.storyboard; sourceTree = "<group>"; };
		D5E80D872647219E00750E94 /* Assets.xcassets */ = {isa = PBXFileReference; lastKnownFileType = folder.assetcatalog; path = Assets.xcassets; sourceTree = "<group>"; };
		D5E80D8A2647219E00750E94 /* Base */ = {isa = PBXFileReference; lastKnownFileType = file.storyboard; name = Base; path = Base.lproj/LaunchScreen.storyboard; sourceTree = "<group>"; };
		D5E80D8C2647219E00750E94 /* Info.plist */ = {isa = PBXFileReference; lastKnownFileType = text.plist.xml; path = Info.plist; sourceTree = "<group>"; };
		D5E80D912647219E00750E94 /* PaymentNetworkListTests.xctest */ = {isa = PBXFileReference; explicitFileType = wrapper.cfbundle; includeInIndex = 0; path = PaymentNetworkListTests.xctest; sourceTree = BUILT_PRODUCTS_DIR; };
		D5E80D952647219E00750E94 /* PaymentNetworkListTests.swift */ = {isa = PBXFileReference; lastKnownFileType = sourcecode.swift; path = PaymentNetworkListTests.swift; sourceTree = "<group>"; };
		D5E80D972647219E00750E94 /* Info.plist */ = {isa = PBXFileReference; lastKnownFileType = text.plist.xml; path = Info.plist; sourceTree = "<group>"; };
		D5E80DB0264722AA00750E94 /* InstallmentItem.swift */ = {isa = PBXFileReference; fileEncoding = 4; lastKnownFileType = sourcecode.swift; path = InstallmentItem.swift; sourceTree = "<group>"; };
		D5E80DB1264722AA00750E94 /* Style.swift */ = {isa = PBXFileReference; fileEncoding = 4; lastKnownFileType = sourcecode.swift; path = Style.swift; sourceTree = "<group>"; };
		D5E80DB2264722AA00750E94 /* PaymentMethod.swift */ = {isa = PBXFileReference; fileEncoding = 4; lastKnownFileType = sourcecode.swift; path = PaymentMethod.swift; sourceTree = "<group>"; };
		D5E80DB3264722AA00750E94 /* AccountRegistration.swift */ = {isa = PBXFileReference; fileEncoding = 4; lastKnownFileType = sourcecode.swift; path = AccountRegistration.swift; sourceTree = "<group>"; };
		D5E80DB4264722AA00750E94 /* InputElement.swift */ = {isa = PBXFileReference; fileEncoding = 4; lastKnownFileType = sourcecode.swift; path = InputElement.swift; sourceTree = "<group>"; };
		D5E80DB5264722AA00750E94 /* Redirect.swift */ = {isa = PBXFileReference; fileEncoding = 4; lastKnownFileType = sourcecode.swift; path = Redirect.swift; sourceTree = "<group>"; };
		D5E80DB6264722AA00750E94 /* ErrorInfo.swift */ = {isa = PBXFileReference; fileEncoding = 4; lastKnownFileType = sourcecode.swift; path = ErrorInfo.swift; sourceTree = "<group>"; };
		D5E80DB7264722AA00750E94 /* Interaction.swift */ = {isa = PBXFileReference; fileEncoding = 4; lastKnownFileType = sourcecode.swift; path = Interaction.swift; sourceTree = "<group>"; };
		D5E80DB8264722AA00750E94 /* ProviderParameters.swift */ = {isa = PBXFileReference; fileEncoding = 4; lastKnownFileType = sourcecode.swift; path = ProviderParameters.swift; sourceTree = "<group>"; };
		D5E80DB9264722AA00750E94 /* AccountFormData.swift */ = {isa = PBXFileReference; fileEncoding = 4; lastKnownFileType = sourcecode.swift; path = AccountFormData.swift; sourceTree = "<group>"; };
		D5E80DBA264722AB00750E94 /* Networks.swift */ = {isa = PBXFileReference; fileEncoding = 4; lastKnownFileType = sourcecode.swift; path = Networks.swift; sourceTree = "<group>"; };
		D5E80DBB264722AB00750E94 /* ApplicableNetwork.swift */ = {isa = PBXFileReference; fileEncoding = 4; lastKnownFileType = sourcecode.swift; path = ApplicableNetwork.swift; sourceTree = "<group>"; };
		D5E80DBC264722AB00750E94 /* FormData.swift */ = {isa = PBXFileReference; fileEncoding = 4; lastKnownFileType = sourcecode.swift; path = FormData.swift; sourceTree = "<group>"; };
		D5E80DBD264722AB00750E94 /* ListResult.swift */ = {isa = PBXFileReference; fileEncoding = 4; lastKnownFileType = sourcecode.swift; path = ListResult.swift; sourceTree = "<group>"; };
		D5E80DBE264722AB00750E94 /* ExtraElements.swift */ = {isa = PBXFileReference; fileEncoding = 4; lastKnownFileType = sourcecode.swift; path = ExtraElements.swift; sourceTree = "<group>"; };
		D5E80DBF264722AB00750E94 /* Checkbox.swift */ = {isa = PBXFileReference; fileEncoding = 4; lastKnownFileType = sourcecode.swift; path = Checkbox.swift; sourceTree = "<group>"; };
		D5E80DC0264722AB00750E94 /* Parameter.swift */ = {isa = PBXFileReference; fileEncoding = 4; lastKnownFileType = sourcecode.swift; path = Parameter.swift; sourceTree = "<group>"; };
		D5E80DC1264722AB00750E94 /* CustomerFormData.swift */ = {isa = PBXFileReference; fileEncoding = 4; lastKnownFileType = sourcecode.swift; path = CustomerFormData.swift; sourceTree = "<group>"; };
		D5E80DC2264722AB00750E94 /* PaymentAmount.swift */ = {isa = PBXFileReference; fileEncoding = 4; lastKnownFileType = sourcecode.swift; path = PaymentAmount.swift; sourceTree = "<group>"; };
		D5E80DC3264722AB00750E94 /* SelectOption.swift */ = {isa = PBXFileReference; fileEncoding = 4; lastKnownFileType = sourcecode.swift; path = SelectOption.swift; sourceTree = "<group>"; };
		D5E80DC4264722AB00750E94 /* PresetAccount.swift */ = {isa = PBXFileReference; fileEncoding = 4; lastKnownFileType = sourcecode.swift; path = PresetAccount.swift; sourceTree = "<group>"; };
		D5E80DC5264722AB00750E94 /* AccountMask.swift */ = {isa = PBXFileReference; fileEncoding = 4; lastKnownFileType = sourcecode.swift; path = AccountMask.swift; sourceTree = "<group>"; };
		D5E80DC6264722AB00750E94 /* InstallmentsPlan.swift */ = {isa = PBXFileReference; fileEncoding = 4; lastKnownFileType = sourcecode.swift; path = InstallmentsPlan.swift; sourceTree = "<group>"; };
		D5E80DC7264722AB00750E94 /* ExtraElement.swift */ = {isa = PBXFileReference; fileEncoding = 4; lastKnownFileType = sourcecode.swift; path = ExtraElement.swift; sourceTree = "<group>"; };
		D5E80DC8264722AB00750E94 /* Installments.swift */ = {isa = PBXFileReference; fileEncoding = 4; lastKnownFileType = sourcecode.swift; path = Installments.swift; sourceTree = "<group>"; };
		D5E80DC9264722AB00750E94 /* OperationResult.swift */ = {isa = PBXFileReference; fileEncoding = 4; lastKnownFileType = sourcecode.swift; path = OperationResult.swift; sourceTree = "<group>"; };
		D5E80DE52647293E00750E94 /* Theme.swift */ = {isa = PBXFileReference; lastKnownFileType = sourcecode.swift; path = Theme.swift; sourceTree = "<group>"; };
		D5E80DE826472FD800750E94 /* RequestProtocol.swift */ = {isa = PBXFileReference; lastKnownFileType = sourcecode.swift; path = RequestProtocol.swift; sourceTree = "<group>"; };
		D5E80DEA2647301000750E94 /* ServiceProtocol.swift */ = {isa = PBXFileReference; lastKnownFileType = sourcecode.swift; path = ServiceProtocol.swift; sourceTree = "<group>"; };
		D5E80DEC264730A200750E94 /* ResponseProtocol.swift */ = {isa = PBXFileReference; lastKnownFileType = sourcecode.swift; path = ResponseProtocol.swift; sourceTree = "<group>"; };
		D5E80DEE264730DE00750E94 /* Response.swift */ = {isa = PBXFileReference; lastKnownFileType = sourcecode.swift; path = Response.swift; sourceTree = "<group>"; };
		D5E80DF12647316800750E94 /* RequestBody.swift */ = {isa = PBXFileReference; lastKnownFileType = sourcecode.swift; path = RequestBody.swift; sourceTree = "<group>"; };
		D5E80DF4264733EE00750E94 /* ServiceConfig.swift */ = {isa = PBXFileReference; lastKnownFileType = sourcecode.swift; path = ServiceConfig.swift; sourceTree = "<group>"; };
		D5E80DF62647354700750E94 /* ListURL.swift */ = {isa = PBXFileReference; lastKnownFileType = sourcecode.swift; path = ListURL.swift; sourceTree = "<group>"; };
		D5E80DF8264736C700750E94 /* Service.swift */ = {isa = PBXFileReference; lastKnownFileType = sourcecode.swift; path = Service.swift; sourceTree = "<group>"; };
		D5E80DFC26480CD000750E94 /* ListOperation.swift */ = {isa = PBXFileReference; lastKnownFileType = sourcecode.swift; path = ListOperation.swift; sourceTree = "<group>"; };
		D5E80DFE26480DA000750E94 /* OperationProtocol.swift */ = {isa = PBXFileReference; lastKnownFileType = sourcecode.swift; path = OperationProtocol.swift; sourceTree = "<group>"; };
		D5E80E0026480F2500750E94 /* Request.swift */ = {isa = PBXFileReference; lastKnownFileType = sourcecode.swift; path = Request.swift; sourceTree = "<group>"; };
		D5E80E02264811B100750E94 /* PaymentListViewModel.swift */ = {isa = PBXFileReference; lastKnownFileType = sourcecode.swift; path = PaymentListViewModel.swift; sourceTree = "<group>"; };
		D5E80E04264819ED00750E94 /* PaymentNetwork.swift */ = {isa = PBXFileReference; lastKnownFileType = sourcecode.swift; path = PaymentNetwork.swift; sourceTree = "<group>"; };
		D5E80E072648264800750E94 /* AlertDisplayer.swift */ = {isa = PBXFileReference; lastKnownFileType = sourcecode.swift; path = AlertDisplayer.swift; sourceTree = "<group>"; };
		D5E80E0A264826C200750E94 /* UIView+Extension.swift */ = {isa = PBXFileReference; lastKnownFileType = sourcecode.swift; path = "UIView+Extension.swift"; sourceTree = "<group>"; };
		D5E80E0C2648271600750E94 /* UIImageView+Extensions.swift */ = {isa = PBXFileReference; lastKnownFileType = sourcecode.swift; path = "UIImageView+Extensions.swift"; sourceTree = "<group>"; };
		D5E80E0F264832E800750E94 /* PaymentTableViewCell.swift */ = {isa = PBXFileReference; lastKnownFileType = sourcecode.swift; path = PaymentTableViewCell.swift; sourceTree = "<group>"; };
		D5E80E10264832E800750E94 /* PaymentTableViewCell.xib */ = {isa = PBXFileReference; lastKnownFileType = file.xib; path = PaymentTableViewCell.xib; sourceTree = "<group>"; };
		D5E80E152649745F00750E94 /* ViewModelTests.swift */ = {isa = PBXFileReference; lastKnownFileType = sourcecode.swift; path = ViewModelTests.swift; sourceTree = "<group>"; };
/* End PBXFileReference section */

/* Begin PBXFrameworksBuildPhase section */
		D5E80D782647219B00750E94 /* Frameworks */ = {
			isa = PBXFrameworksBuildPhase;
			buildActionMask = 2147483647;
			files = (
			);
			runOnlyForDeploymentPostprocessing = 0;
		};
		D5E80D8E2647219E00750E94 /* Frameworks */ = {
			isa = PBXFrameworksBuildPhase;
			buildActionMask = 2147483647;
			files = (
			);
			runOnlyForDeploymentPostprocessing = 0;
		};
/* End PBXFrameworksBuildPhase section */

/* Begin PBXGroup section */
		D5E80D722647219B00750E94 = {
			isa = PBXGroup;
			children = (
				D5E80D7D2647219B00750E94 /* PaymentNetworkList */,
				D5E80D942647219E00750E94 /* PaymentNetworkListTests */,
				D5E80D7C2647219B00750E94 /* Products */,
			);
			sourceTree = "<group>";
		};
		D5E80D7C2647219B00750E94 /* Products */ = {
			isa = PBXGroup;
			children = (
				D5E80D7B2647219B00750E94 /* PaymentNetworkList.app */,
				D5E80D912647219E00750E94 /* PaymentNetworkListTests.xctest */,
			);
			name = Products;
			sourceTree = "<group>";
		};
		D5E80D7D2647219B00750E94 /* PaymentNetworkList */ = {
			isa = PBXGroup;
			children = (
				D5E80E0E2648311300750E94 /* Cells */,
				D5E80E062648262900750E94 /* Extensions */,
				D5E80DFB264776B800750E94 /* Operations */,
				D5E80DFA264776AC00750E94 /* ViewModel */,
				D5E80DE42647292500750E94 /* UI */,
				D5E80DAF264721D300750E94 /* Models */,
				D5E80DAE264721C900750E94 /* Network */,
				D5E80D7E2647219B00750E94 /* AppDelegate.swift */,
				D5E80D802647219B00750E94 /* SceneDelegate.swift */,
				D5E80D822647219B00750E94 /* ViewController.swift */,
				D5E80D842647219B00750E94 /* Main.storyboard */,
				D5E80D872647219E00750E94 /* Assets.xcassets */,
				D5E80D892647219E00750E94 /* LaunchScreen.storyboard */,
				D5E80D8C2647219E00750E94 /* Info.plist */,
			);
			path = PaymentNetworkList;
			sourceTree = "<group>";
		};
		D5E80D942647219E00750E94 /* PaymentNetworkListTests */ = {
			isa = PBXGroup;
			children = (
				D5E80D952647219E00750E94 /* PaymentNetworkListTests.swift */,
				D5E80D972647219E00750E94 /* Info.plist */,
				D5E80E152649745F00750E94 /* ViewModelTests.swift */,
			);
			path = PaymentNetworkListTests;
			sourceTree = "<group>";
		};
		D5E80DAE264721C900750E94 /* Network */ = {
			isa = PBXGroup;
			children = (
				D5E80DEE264730DE00750E94 /* Response.swift */,
				D5E80DF12647316800750E94 /* RequestBody.swift */,
				D5E80DF8264736C700750E94 /* Service.swift */,
				D5E80DF4264733EE00750E94 /* ServiceConfig.swift */,
				D5E80E0026480F2500750E94 /* Request.swift */,
				D5E80DF62647354700750E94 /* ListURL.swift */,
				D5E80DE726472FA400750E94 /* Protocols */,
			);
			path = Network;
			sourceTree = "<group>";
		};
		D5E80DAF264721D300750E94 /* Models */ = {
			isa = PBXGroup;
			children = (
				D5E80DB9264722AA00750E94 /* AccountFormData.swift */,
				D5E80DC5264722AB00750E94 /* AccountMask.swift */,
				D5E80DB3264722AA00750E94 /* AccountRegistration.swift */,
				D5E80DBB264722AB00750E94 /* ApplicableNetwork.swift */,
				D5E80DBF264722AB00750E94 /* Checkbox.swift */,
				D5E80DC1264722AB00750E94 /* CustomerFormData.swift */,
				D5E80DB6264722AA00750E94 /* ErrorInfo.swift */,
				D5E80DC7264722AB00750E94 /* ExtraElement.swift */,
				D5E80DBE264722AB00750E94 /* ExtraElements.swift */,
				D5E80DBC264722AB00750E94 /* FormData.swift */,
				D5E80DB4264722AA00750E94 /* InputElement.swift */,
				D5E80DB0264722AA00750E94 /* InstallmentItem.swift */,
				D5E80DC8264722AB00750E94 /* Installments.swift */,
				D5E80DC6264722AB00750E94 /* InstallmentsPlan.swift */,
				D5E80DB7264722AA00750E94 /* Interaction.swift */,
				D5E80DBD264722AB00750E94 /* ListResult.swift */,
				D5E80DBA264722AB00750E94 /* Networks.swift */,
				D5E80DC9264722AB00750E94 /* OperationResult.swift */,
				D5E80DC0264722AB00750E94 /* Parameter.swift */,
				D5E80DC2264722AB00750E94 /* PaymentAmount.swift */,
				D5E80DB2264722AA00750E94 /* PaymentMethod.swift */,
				D5E80DC4264722AB00750E94 /* PresetAccount.swift */,
				D5E80DB8264722AA00750E94 /* ProviderParameters.swift */,
				D5E80DB5264722AA00750E94 /* Redirect.swift */,
				D5E80DC3264722AB00750E94 /* SelectOption.swift */,
				D5E80DB1264722AA00750E94 /* Style.swift */,
				D5E80E04264819ED00750E94 /* PaymentNetwork.swift */,
			);
			path = Models;
			sourceTree = "<group>";
		};
		D5E80DE42647292500750E94 /* UI */ = {
			isa = PBXGroup;
			children = (
				D5E80DE52647293E00750E94 /* Theme.swift */,
			);
			path = UI;
			sourceTree = "<group>";
		};
		D5E80DE726472FA400750E94 /* Protocols */ = {
			isa = PBXGroup;
			children = (
				D5E80DE826472FD800750E94 /* RequestProtocol.swift */,
				D5E80DEA2647301000750E94 /* ServiceProtocol.swift */,
				D5E80DEC264730A200750E94 /* ResponseProtocol.swift */,
				D5E80DFE26480DA000750E94 /* OperationProtocol.swift */,
			);
			path = Protocols;
			sourceTree = "<group>";
		};
		D5E80DFA264776AC00750E94 /* ViewModel */ = {
			isa = PBXGroup;
			children = (
				D5E80E02264811B100750E94 /* PaymentListViewModel.swift */,
			);
			path = ViewModel;
			sourceTree = "<group>";
		};
		D5E80DFB264776B800750E94 /* Operations */ = {
			isa = PBXGroup;
			children = (
				D5E80DFC26480CD000750E94 /* ListOperation.swift */,
			);
			path = Operations;
			sourceTree = "<group>";
		};
		D5E80E062648262900750E94 /* Extensions */ = {
			isa = PBXGroup;
			children = (
				D5E80E072648264800750E94 /* AlertDisplayer.swift */,
				D5E80E0A264826C200750E94 /* UIView+Extension.swift */,
				D5E80E0C2648271600750E94 /* UIImageView+Extensions.swift */,
			);
			path = Extensions;
			sourceTree = "<group>";
		};
		D5E80E0E2648311300750E94 /* Cells */ = {
			isa = PBXGroup;
			children = (
				D5E80E0F264832E800750E94 /* PaymentTableViewCell.swift */,
				D5E80E10264832E800750E94 /* PaymentTableViewCell.xib */,
			);
			path = Cells;
			sourceTree = "<group>";
		};
/* End PBXGroup section */

/* Begin PBXNativeTarget section */
		D5E80D7A2647219B00750E94 /* PaymentNetworkList */ = {
			isa = PBXNativeTarget;
			buildConfigurationList = D5E80DA52647219E00750E94 /* Build configuration list for PBXNativeTarget "PaymentNetworkList" */;
			buildPhases = (
				D5E80D772647219B00750E94 /* Sources */,
				D5E80D782647219B00750E94 /* Frameworks */,
				D5E80D792647219B00750E94 /* Resources */,
			);
			buildRules = (
			);
			dependencies = (
			);
			name = PaymentNetworkList;
			productName = PaymentNetworkList;
			productReference = D5E80D7B2647219B00750E94 /* PaymentNetworkList.app */;
			productType = "com.apple.product-type.application";
		};
		D5E80D902647219E00750E94 /* PaymentNetworkListTests */ = {
			isa = PBXNativeTarget;
			buildConfigurationList = D5E80DA82647219E00750E94 /* Build configuration list for PBXNativeTarget "PaymentNetworkListTests" */;
			buildPhases = (
				D5E80D8D2647219E00750E94 /* Sources */,
				D5E80D8E2647219E00750E94 /* Frameworks */,
				D5E80D8F2647219E00750E94 /* Resources */,
			);
			buildRules = (
			);
			dependencies = (
				D5E80D932647219E00750E94 /* PBXTargetDependency */,
			);
			name = PaymentNetworkListTests;
			productName = PaymentNetworkListTests;
			productReference = D5E80D912647219E00750E94 /* PaymentNetworkListTests.xctest */;
			productType = "com.apple.product-type.bundle.unit-test";
		};
/* End PBXNativeTarget section */

/* Begin PBXProject section */
		D5E80D732647219B00750E94 /* Project object */ = {
			isa = PBXProject;
			attributes = {
				LastSwiftUpdateCheck = 1250;
				LastUpgradeCheck = 1250;
				TargetAttributes = {
					D5E80D7A2647219B00750E94 = {
						CreatedOnToolsVersion = 12.5;
					};
					D5E80D902647219E00750E94 = {
						CreatedOnToolsVersion = 12.5;
						TestTargetID = D5E80D7A2647219B00750E94;
					};
				};
			};
			buildConfigurationList = D5E80D762647219B00750E94 /* Build configuration list for PBXProject "PaymentNetworkList" */;
			compatibilityVersion = "Xcode 9.3";
			developmentRegion = en;
			hasScannedForEncodings = 0;
			knownRegions = (
				en,
				Base,
			);
			mainGroup = D5E80D722647219B00750E94;
			productRefGroup = D5E80D7C2647219B00750E94 /* Products */;
			projectDirPath = "";
			projectRoot = "";
			targets = (
				D5E80D7A2647219B00750E94 /* PaymentNetworkList */,
				D5E80D902647219E00750E94 /* PaymentNetworkListTests */,
			);
		};
/* End PBXProject section */

/* Begin PBXResourcesBuildPhase section */
		D5E80D792647219B00750E94 /* Resources */ = {
			isa = PBXResourcesBuildPhase;
			buildActionMask = 2147483647;
			files = (
				D5E80D8B2647219E00750E94 /* LaunchScreen.storyboard in Resources */,
				D5E80D882647219E00750E94 /* Assets.xcassets in Resources */,
				D5E80E12264832E800750E94 /* PaymentTableViewCell.xib in Resources */,
				D5E80D862647219B00750E94 /* Main.storyboard in Resources */,
			);
			runOnlyForDeploymentPostprocessing = 0;
		};
		D5E80D8F2647219E00750E94 /* Resources */ = {
			isa = PBXResourcesBuildPhase;
			buildActionMask = 2147483647;
			files = (
			);
			runOnlyForDeploymentPostprocessing = 0;
		};
/* End PBXResourcesBuildPhase section */

/* Begin PBXSourcesBuildPhase section */
		D5E80D772647219B00750E94 /* Sources */ = {
			isa = PBXSourcesBuildPhase;
			buildActionMask = 2147483647;
			files = (
				D5E80DD5264722AB00750E94 /* ApplicableNetwork.swift in Sources */,
				D5E80DF5264733EE00750E94 /* ServiceConfig.swift in Sources */,
				D5E80D832647219B00750E94 /* ViewController.swift in Sources */,
				D5E80E0B264826C200750E94 /* UIView+Extension.swift in Sources */,
				D5E80DD7264722AB00750E94 /* ListResult.swift in Sources */,
				D5E80DDB264722AB00750E94 /* CustomerFormData.swift in Sources */,
				D5E80DE1264722AB00750E94 /* ExtraElement.swift in Sources */,
				D5E80D7F2647219B00750E94 /* AppDelegate.swift in Sources */,
				D5E80E0D2648271600750E94 /* UIImageView+Extensions.swift in Sources */,
				D5E80DD3264722AB00750E94 /* AccountFormData.swift in Sources */,
				D5E80E0126480F2500750E94 /* Request.swift in Sources */,
				D5E80DDE264722AB00750E94 /* PresetAccount.swift in Sources */,
				D5E80DD8264722AB00750E94 /* ExtraElements.swift in Sources */,
				D5E80E05264819ED00750E94 /* PaymentNetwork.swift in Sources */,
				D5E80DCA264722AB00750E94 /* InstallmentItem.swift in Sources */,
				D5E80DE926472FD800750E94 /* RequestProtocol.swift in Sources */,
				D5E80DD4264722AB00750E94 /* Networks.swift in Sources */,
				D5E80DD9264722AB00750E94 /* Checkbox.swift in Sources */,
				D5E80E03264811B100750E94 /* PaymentListViewModel.swift in Sources */,
				D5E80DCC264722AB00750E94 /* PaymentMethod.swift in Sources */,
				D5E80DDD264722AB00750E94 /* SelectOption.swift in Sources */,
				D5E80DD6264722AB00750E94 /* FormData.swift in Sources */,
				D5E80DE3264722AB00750E94 /* OperationResult.swift in Sources */,
				D5E80DE2264722AB00750E94 /* Installments.swift in Sources */,
				D5E80E11264832E800750E94 /* PaymentTableViewCell.swift in Sources */,
				D5E80DED264730A200750E94 /* ResponseProtocol.swift in Sources */,
				D5E80DDA264722AB00750E94 /* Parameter.swift in Sources */,
				D5E80DEF264730DE00750E94 /* Response.swift in Sources */,
				D5E80DEB2647301000750E94 /* ServiceProtocol.swift in Sources */,
				D5E80D812647219B00750E94 /* SceneDelegate.swift in Sources */,
				D5E80DFD26480CD000750E94 /* ListOperation.swift in Sources */,
				D5E80DCD264722AB00750E94 /* AccountRegistration.swift in Sources */,
				D5E80DF72647354700750E94 /* ListURL.swift in Sources */,
				D5E80DD2264722AB00750E94 /* ProviderParameters.swift in Sources */,
				D5E80DDC264722AB00750E94 /* PaymentAmount.swift in Sources */,
				D5E80DFF26480DA000750E94 /* OperationProtocol.swift in Sources */,
				D5E80DD0264722AB00750E94 /* ErrorInfo.swift in Sources */,
				D5E80DF9264736C700750E94 /* Service.swift in Sources */,
				D5E80DE0264722AB00750E94 /* InstallmentsPlan.swift in Sources */,
				D5E80E082648264800750E94 /* AlertDisplayer.swift in Sources */,
				D5E80DF22647316800750E94 /* RequestBody.swift in Sources */,
				D5E80DCB264722AB00750E94 /* Style.swift in Sources */,
				D5E80DCE264722AB00750E94 /* InputElement.swift in Sources */,
				D5E80DCF264722AB00750E94 /* Redirect.swift in Sources */,
				D5E80DE62647293E00750E94 /* Theme.swift in Sources */,
				D5E80DD1264722AB00750E94 /* Interaction.swift in Sources */,
				D5E80DDF264722AB00750E94 /* AccountMask.swift in Sources */,
			);
			runOnlyForDeploymentPostprocessing = 0;
		};
		D5E80D8D2647219E00750E94 /* Sources */ = {
			isa = PBXSourcesBuildPhase;
			buildActionMask = 2147483647;
			files = (
				D5E80E162649745F00750E94 /* ViewModelTests.swift in Sources */,
				D5E80D962647219E00750E94 /* PaymentNetworkListTests.swift in Sources */,
			);
			runOnlyForDeploymentPostprocessing = 0;
		};
/* End PBXSourcesBuildPhase section */

/* Begin PBXTargetDependency section */
		D5E80D932647219E00750E94 /* PBXTargetDependency */ = {
			isa = PBXTargetDependency;
			target = D5E80D7A2647219B00750E94 /* PaymentNetworkList */;
			targetProxy = D5E80D922647219E00750E94 /* PBXContainerItemProxy */;
		};
/* End PBXTargetDependency section */

/* Begin PBXVariantGroup section */
		D5E80D842647219B00750E94 /* Main.storyboard */ = {
			isa = PBXVariantGroup;
			children = (
				D5E80D852647219B00750E94 /* Base */,
			);
			name = Main.storyboard;
			sourceTree = "<group>";
		};
		D5E80D892647219E00750E94 /* LaunchScreen.storyboard */ = {
			isa = PBXVariantGroup;
			children = (
				D5E80D8A2647219E00750E94 /* Base */,
			);
			name = LaunchScreen.storyboard;
			sourceTree = "<group>";
		};
/* End PBXVariantGroup section */

/* Begin XCBuildConfiguration section */
		D5E80DA32647219E00750E94 /* Debug */ = {
			isa = XCBuildConfiguration;
			buildSettings = {
				ALWAYS_SEARCH_USER_PATHS = NO;
				CLANG_ANALYZER_NONNULL = YES;
				CLANG_ANALYZER_NUMBER_OBJECT_CONVERSION = YES_AGGRESSIVE;
				CLANG_CXX_LANGUAGE_STANDARD = "gnu++14";
				CLANG_CXX_LIBRARY = "libc++";
				CLANG_ENABLE_MODULES = YES;
				CLANG_ENABLE_OBJC_ARC = YES;
				CLANG_ENABLE_OBJC_WEAK = YES;
				CLANG_WARN_BLOCK_CAPTURE_AUTORELEASING = YES;
				CLANG_WARN_BOOL_CONVERSION = YES;
				CLANG_WARN_COMMA = YES;
				CLANG_WARN_CONSTANT_CONVERSION = YES;
				CLANG_WARN_DEPRECATED_OBJC_IMPLEMENTATIONS = YES;
				CLANG_WARN_DIRECT_OBJC_ISA_USAGE = YES_ERROR;
				CLANG_WARN_DOCUMENTATION_COMMENTS = YES;
				CLANG_WARN_EMPTY_BODY = YES;
				CLANG_WARN_ENUM_CONVERSION = YES;
				CLANG_WARN_INFINITE_RECURSION = YES;
				CLANG_WARN_INT_CONVERSION = YES;
				CLANG_WARN_NON_LITERAL_NULL_CONVERSION = YES;
				CLANG_WARN_OBJC_IMPLICIT_RETAIN_SELF = YES;
				CLANG_WARN_OBJC_LITERAL_CONVERSION = YES;
				CLANG_WARN_OBJC_ROOT_CLASS = YES_ERROR;
				CLANG_WARN_QUOTED_INCLUDE_IN_FRAMEWORK_HEADER = YES;
				CLANG_WARN_RANGE_LOOP_ANALYSIS = YES;
				CLANG_WARN_STRICT_PROTOTYPES = YES;
				CLANG_WARN_SUSPICIOUS_MOVE = YES;
				CLANG_WARN_UNGUARDED_AVAILABILITY = YES_AGGRESSIVE;
				CLANG_WARN_UNREACHABLE_CODE = YES;
				CLANG_WARN__DUPLICATE_METHOD_MATCH = YES;
				COPY_PHASE_STRIP = NO;
				DEBUG_INFORMATION_FORMAT = dwarf;
				ENABLE_STRICT_OBJC_MSGSEND = YES;
				ENABLE_TESTABILITY = YES;
				GCC_C_LANGUAGE_STANDARD = gnu11;
				GCC_DYNAMIC_NO_PIC = NO;
				GCC_NO_COMMON_BLOCKS = YES;
				GCC_OPTIMIZATION_LEVEL = 0;
				GCC_PREPROCESSOR_DEFINITIONS = (
					"DEBUG=1",
					"$(inherited)",
				);
				GCC_WARN_64_TO_32_BIT_CONVERSION = YES;
				GCC_WARN_ABOUT_RETURN_TYPE = YES_ERROR;
				GCC_WARN_UNDECLARED_SELECTOR = YES;
				GCC_WARN_UNINITIALIZED_AUTOS = YES_AGGRESSIVE;
				GCC_WARN_UNUSED_FUNCTION = YES;
				GCC_WARN_UNUSED_VARIABLE = YES;
				IPHONEOS_DEPLOYMENT_TARGET = 14.5;
				MTL_ENABLE_DEBUG_INFO = INCLUDE_SOURCE;
				MTL_FAST_MATH = YES;
				ONLY_ACTIVE_ARCH = YES;
				SDKROOT = iphoneos;
				SWIFT_ACTIVE_COMPILATION_CONDITIONS = DEBUG;
				SWIFT_OPTIMIZATION_LEVEL = "-Onone";
			};
			name = Debug;
		};
		D5E80DA42647219E00750E94 /* Release */ = {
			isa = XCBuildConfiguration;
			buildSettings = {
				ALWAYS_SEARCH_USER_PATHS = NO;
				CLANG_ANALYZER_NONNULL = YES;
				CLANG_ANALYZER_NUMBER_OBJECT_CONVERSION = YES_AGGRESSIVE;
				CLANG_CXX_LANGUAGE_STANDARD = "gnu++14";
				CLANG_CXX_LIBRARY = "libc++";
				CLANG_ENABLE_MODULES = YES;
				CLANG_ENABLE_OBJC_ARC = YES;
				CLANG_ENABLE_OBJC_WEAK = YES;
				CLANG_WARN_BLOCK_CAPTURE_AUTORELEASING = YES;
				CLANG_WARN_BOOL_CONVERSION = YES;
				CLANG_WARN_COMMA = YES;
				CLANG_WARN_CONSTANT_CONVERSION = YES;
				CLANG_WARN_DEPRECATED_OBJC_IMPLEMENTATIONS = YES;
				CLANG_WARN_DIRECT_OBJC_ISA_USAGE = YES_ERROR;
				CLANG_WARN_DOCUMENTATION_COMMENTS = YES;
				CLANG_WARN_EMPTY_BODY = YES;
				CLANG_WARN_ENUM_CONVERSION = YES;
				CLANG_WARN_INFINITE_RECURSION = YES;
				CLANG_WARN_INT_CONVERSION = YES;
				CLANG_WARN_NON_LITERAL_NULL_CONVERSION = YES;
				CLANG_WARN_OBJC_IMPLICIT_RETAIN_SELF = YES;
				CLANG_WARN_OBJC_LITERAL_CONVERSION = YES;
				CLANG_WARN_OBJC_ROOT_CLASS = YES_ERROR;
				CLANG_WARN_QUOTED_INCLUDE_IN_FRAMEWORK_HEADER = YES;
				CLANG_WARN_RANGE_LOOP_ANALYSIS = YES;
				CLANG_WARN_STRICT_PROTOTYPES = YES;
				CLANG_WARN_SUSPICIOUS_MOVE = YES;
				CLANG_WARN_UNGUARDED_AVAILABILITY = YES_AGGRESSIVE;
				CLANG_WARN_UNREACHABLE_CODE = YES;
				CLANG_WARN__DUPLICATE_METHOD_MATCH = YES;
				COPY_PHASE_STRIP = NO;
				DEBUG_INFORMATION_FORMAT = "dwarf-with-dsym";
				ENABLE_NS_ASSERTIONS = NO;
				ENABLE_STRICT_OBJC_MSGSEND = YES;
				GCC_C_LANGUAGE_STANDARD = gnu11;
				GCC_NO_COMMON_BLOCKS = YES;
				GCC_WARN_64_TO_32_BIT_CONVERSION = YES;
				GCC_WARN_ABOUT_RETURN_TYPE = YES_ERROR;
				GCC_WARN_UNDECLARED_SELECTOR = YES;
				GCC_WARN_UNINITIALIZED_AUTOS = YES_AGGRESSIVE;
				GCC_WARN_UNUSED_FUNCTION = YES;
				GCC_WARN_UNUSED_VARIABLE = YES;
				IPHONEOS_DEPLOYMENT_TARGET = 14.5;
				MTL_ENABLE_DEBUG_INFO = NO;
				MTL_FAST_MATH = YES;
				SDKROOT = iphoneos;
				SWIFT_COMPILATION_MODE = wholemodule;
				SWIFT_OPTIMIZATION_LEVEL = "-O";
				VALIDATE_PRODUCT = YES;
			};
			name = Release;
		};
		D5E80DA62647219E00750E94 /* Debug */ = {
			isa = XCBuildConfiguration;
			buildSettings = {
				ASSETCATALOG_COMPILER_APPICON_NAME = AppIcon;
				ASSETCATALOG_COMPILER_GLOBAL_ACCENT_COLOR_NAME = AccentColor;
				CODE_SIGN_STYLE = Automatic;
				DEVELOPMENT_TEAM = 87CYMLX9UM;
				INFOPLIST_FILE = PaymentNetworkList/Info.plist;
				LD_RUNPATH_SEARCH_PATHS = (
					"$(inherited)",
					"@executable_path/Frameworks",
				);
				PRODUCT_BUNDLE_IDENTIFIER = "Hassan-Gadou.PaymentNetworkList";
				PRODUCT_NAME = "$(TARGET_NAME)";
				SWIFT_VERSION = 5.0;
				TARGETED_DEVICE_FAMILY = 1;
			};
			name = Debug;
		};
		D5E80DA72647219E00750E94 /* Release */ = {
			isa = XCBuildConfiguration;
			buildSettings = {
				ASSETCATALOG_COMPILER_APPICON_NAME = AppIcon;
				ASSETCATALOG_COMPILER_GLOBAL_ACCENT_COLOR_NAME = AccentColor;
				CODE_SIGN_STYLE = Automatic;
				DEVELOPMENT_TEAM = 87CYMLX9UM;
				INFOPLIST_FILE = PaymentNetworkList/Info.plist;
				LD_RUNPATH_SEARCH_PATHS = (
					"$(inherited)",
					"@executable_path/Frameworks",
				);
				PRODUCT_BUNDLE_IDENTIFIER = "Hassan-Gadou.PaymentNetworkList";
				PRODUCT_NAME = "$(TARGET_NAME)";
				SWIFT_VERSION = 5.0;
				TARGETED_DEVICE_FAMILY = 1;
			};
			name = Release;
		};
		D5E80DA92647219E00750E94 /* Debug */ = {
			isa = XCBuildConfiguration;
			buildSettings = {
				ALWAYS_EMBED_SWIFT_STANDARD_LIBRARIES = YES;
				BUNDLE_LOADER = "$(TEST_HOST)";
				CODE_SIGN_STYLE = Automatic;
				DEVELOPMENT_TEAM = 87CYMLX9UM;
				INFOPLIST_FILE = PaymentNetworkListTests/Info.plist;
				IPHONEOS_DEPLOYMENT_TARGET = 14.5;
				LD_RUNPATH_SEARCH_PATHS = (
					"$(inherited)",
					"@executable_path/Frameworks",
					"@loader_path/Frameworks",
				);
				PRODUCT_BUNDLE_IDENTIFIER = "Hassan-Gadou.PaymentNetworkListTests";
				PRODUCT_NAME = "$(TARGET_NAME)";
				SWIFT_VERSION = 5.0;
				TARGETED_DEVICE_FAMILY = "1,2";
				TEST_HOST = "$(BUILT_PRODUCTS_DIR)/PaymentNetworkList.app/PaymentNetworkList";
			};
			name = Debug;
		};
		D5E80DAA2647219E00750E94 /* Release */ = {
			isa = XCBuildConfiguration;
			buildSettings = {
				ALWAYS_EMBED_SWIFT_STANDARD_LIBRARIES = YES;
				BUNDLE_LOADER = "$(TEST_HOST)";
				CODE_SIGN_STYLE = Automatic;
				DEVELOPMENT_TEAM = 87CYMLX9UM;
				INFOPLIST_FILE = PaymentNetworkListTests/Info.plist;
				IPHONEOS_DEPLOYMENT_TARGET = 14.5;
				LD_RUNPATH_SEARCH_PATHS = (
					"$(inherited)",
					"@executable_path/Frameworks",
					"@loader_path/Frameworks",
				);
				PRODUCT_BUNDLE_IDENTIFIER = "Hassan-Gadou.PaymentNetworkListTests";
				PRODUCT_NAME = "$(TARGET_NAME)";
				SWIFT_VERSION = 5.0;
				TARGETED_DEVICE_FAMILY = "1,2";
				TEST_HOST = "$(BUILT_PRODUCTS_DIR)/PaymentNetworkList.app/PaymentNetworkList";
			};
			name = Release;
		};
/* End XCBuildConfiguration section */

/* Begin XCConfigurationList section */
		D5E80D762647219B00750E94 /* Build configuration list for PBXProject "PaymentNetworkList" */ = {
			isa = XCConfigurationList;
			buildConfigurations = (
				D5E80DA32647219E00750E94 /* Debug */,
				D5E80DA42647219E00750E94 /* Release */,
			);
			defaultConfigurationIsVisible = 0;
			defaultConfigurationName = Release;
		};
		D5E80DA52647219E00750E94 /* Build configuration list for PBXNativeTarget "PaymentNetworkList" */ = {
			isa = XCConfigurationList;
			buildConfigurations = (
				D5E80DA62647219E00750E94 /* Debug */,
				D5E80DA72647219E00750E94 /* Release */,
			);
			defaultConfigurationIsVisible = 0;
			defaultConfigurationName = Release;
		};
		D5E80DA82647219E00750E94 /* Build configuration list for PBXNativeTarget "PaymentNetworkListTests" */ = {
			isa = XCConfigurationList;
			buildConfigurations = (
				D5E80DA92647219E00750E94 /* Debug */,
				D5E80DAA2647219E00750E94 /* Release */,
			);
			defaultConfigurationIsVisible = 0;
			defaultConfigurationName = Release;
		};
/* End XCConfigurationList section */
	};
	rootObject = D5E80D732647219B00750E94 /* Project object */;
}
